
Microsoft Visual Studio Solution File, Format Version 12.00
# Visual Studio Version 16
VisualStudioVersion = 16.0.30011.22
MinimumVisualStudioVersion = 10.0.40219.1
Project("{FAE04EC0-301F-11D3-BF4B-00C04F79EFBC}") = "App_01.UWP", "App_01\App_01.UWP\App_01.UWP.csproj", "{B441AE97-E793-4375-AA86-E000B50CF1C8}"
EndProject
Project("{FAE04EC0-301F-11D3-BF4B-00C04F79EFBC}") = "App_01.Android", "App_01\App_01.Android\App_01.Android.csproj", "{451D2C4F-9232-44A5-9825-EBC7F6A170BF}"
EndProject
Project("{FAE04EC0-301F-11D3-BF4B-00C04F79EFBC}") = "App_01.iOS", "App_01\App_01.iOS\App_01.iOS.csproj", "{2CD3213A-4449-4FBE-93AF-23FA70C8F468}"
EndProject
Project("{FAE04EC0-301F-11D3-BF4B-00C04F79EFBC}") = "App_01", "App_01\App_01\App_01.csproj", "{8B61DD91-01AC-46AC-9C82-061A19451C43}"
EndProject
Global
	GlobalSection(SolutionConfigurationPlatforms) = preSolution
		Debug|Any CPU = Debug|Any CPU
		Debug|ARM = Debug|ARM
		Debug|iPhone = Debug|iPhone
		Debug|iPhoneSimulator = Debug|iPhoneSimulator
		Debug|x64 = Debug|x64
		Debug|x86 = Debug|x86
		Release|Any CPU = Release|Any CPU
		Release|ARM = Release|ARM
		Release|iPhone = Release|iPhone
		Release|iPhoneSimulator = Release|iPhoneSimulator
		Release|x64 = Release|x64
		Release|x86 = Release|x86
	EndGlobalSection
	GlobalSection(ProjectConfigurationPlatforms) = postSolution
		{B441AE97-E793-4375-AA86-E000B50CF1C8}.Debug|Any CPU.ActiveCfg = Debug|x86
		{B441AE97-E793-4375-AA86-E000B50CF1C8}.Debug|Any CPU.Build.0 = Debug|x86
		{B441AE97-E793-4375-AA86-E000B50CF1C8}.Debug|Any CPU.Deploy.0 = Debug|x86
		{B441AE97-E793-4375-AA86-E000B50CF1C8}.Debug|ARM.ActiveCfg = Debug|ARM
		{B441AE97-E793-4375-AA86-E000B50CF1C8}.Debug|ARM.Build.0 = Debug|ARM
		{B441AE97-E793-4375-AA86-E000B50CF1C8}.Debug|ARM.Deploy.0 = Debug|ARM
		{B441AE97-E793-4375-AA86-E000B50CF1C8}.Debug|iPhone.ActiveCfg = Debug|x86
		{B441AE97-E793-4375-AA86-E000B50CF1C8}.Debug|iPhone.Build.0 = Debug|x86
		{B441AE97-E793-4375-AA86-E000B50CF1C8}.Debug|iPhone.Deploy.0 = Debug|x86
		{B441AE97-E793-4375-AA86-E000B50CF1C8}.Debug|iPhoneSimulator.ActiveCfg = Debug|x86
		{B441AE97-E793-4375-AA86-E000B50CF1C8}.Debug|iPhoneSimulator.Build.0 = Debug|x86
		{B441AE97-E793-4375-AA86-E000B50CF1C8}.Debug|iPhoneSimulator.Deploy.0 = Debug|x86
		{B441AE97-E793-4375-AA86-E000B50CF1C8}.Debug|x64.ActiveCfg = Debug|x64
		{B441AE97-E793-4375-AA86-E000B50CF1C8}.Debug|x64.Build.0 = Debug|x64
		{B441AE97-E793-4375-AA86-E000B50CF1C8}.Debug|x64.Deploy.0 = Debug|x64
		{B441AE97-E793-4375-AA86-E000B50CF1C8}.Debug|x86.ActiveCfg = Debug|x86
		{B441AE97-E793-4375-AA86-E000B50CF1C8}.Debug|x86.Build.0 = Debug|x86
		{B441AE97-E793-4375-AA86-E000B50CF1C8}.Debug|x86.Deploy.0 = Debug|x86
		{B441AE97-E793-4375-AA86-E000B50CF1C8}.Release|Any CPU.ActiveCfg = Release|x86
		{B441AE97-E793-4375-AA86-E000B50CF1C8}.Release|Any CPU.Build.0 = Release|x86
		{B441AE97-E793-4375-AA86-E000B50CF1C8}.Release|Any CPU.Deploy.0 = Release|x86
		{B441AE97-E793-4375-AA86-E000B50CF1C8}.Release|ARM.ActiveCfg = Release|ARM
		{B441AE97-E793-4375-AA86-E000B50CF1C8}.Release|ARM.Build.0 = Release|ARM
		{B441AE97-E793-4375-AA86-E000B50CF1C8}.Release|ARM.Deploy.0 = Release|ARM
		{B441AE97-E793-4375-AA86-E000B50CF1C8}.Release|iPhone.ActiveCfg = Release|x86
		{B441AE97-E793-4375-AA86-E000B50CF1C8}.Release|iPhone.Build.0 = Release|x86
		{B441AE97-E793-4375-AA86-E000B50CF1C8}.Release|iPhone.Deploy.0 = Release|x86
		{B441AE97-E793-4375-AA86-E000B50CF1C8}.Release|iPhoneSimulator.ActiveCfg = Release|x86
		{B441AE97-E793-4375-AA86-E000B50CF1C8}.Release|iPhoneSimulator.Build.0 = Release|x86
		{B441AE97-E793-4375-AA86-E000B50CF1C8}.Release|iPhoneSimulator.Deploy.0 = Release|x86
		{B441AE97-E793-4375-AA86-E000B50CF1C8}.Release|x64.ActiveCfg = Release|x64
		{B441AE97-E793-4375-AA86-E000B50CF1C8}.Release|x64.Build.0 = Release|x64
		{B441AE97-E793-4375-AA86-E000B50CF1C8}.Release|x64.Deploy.0 = Release|x64
		{B441AE97-E793-4375-AA86-E000B50CF1C8}.Release|x86.ActiveCfg = Release|x86
		{B441AE97-E793-4375-AA86-E000B50CF1C8}.Release|x86.Build.0 = Release|x86
		{B441AE97-E793-4375-AA86-E000B50CF1C8}.Release|x86.Deploy.0 = Release|x86
		{451D2C4F-9232-44A5-9825-EBC7F6A170BF}.Debug|Any CPU.ActiveCfg = Debug|Any CPU
		{451D2C4F-9232-44A5-9825-EBC7F6A170BF}.Debug|Any CPU.Build.0 = Debug|Any CPU
		{451D2C4F-9232-44A5-9825-EBC7F6A170BF}.Debug|Any CPU.Deploy.0 = Debug|Any CPU
		{451D2C4F-9232-44A5-9825-EBC7F6A170BF}.Debug|ARM.ActiveCfg = Debug|Any CPU
		{451D2C4F-9232-44A5-9825-EBC7F6A170BF}.Debug|ARM.Build.0 = Debug|Any CPU
		{451D2C4F-9232-44A5-9825-EBC7F6A170BF}.Debug|ARM.Deploy.0 = Debug|Any CPU
		{451D2C4F-9232-44A5-9825-EBC7F6A170BF}.Debug|iPhone.ActiveCfg = Debug|Any CPU
		{451D2C4F-9232-44A5-9825-EBC7F6A170BF}.Debug|iPhone.Build.0 = Debug|Any CPU
		{451D2C4F-9232-44A5-9825-EBC7F6A170BF}.Debug|iPhone.Deploy.0 = Debug|Any CPU
		{451D2C4F-9232-44A5-9825-EBC7F6A170BF}.Debug|iPhoneSimulator.ActiveCfg = Debug|Any CPU
		{451D2C4F-9232-44A5-9825-EBC7F6A170BF}.Debug|iPhoneSimulator.Build.0 = Debug|Any CPU
		{451D2C4F-9232-44A5-9825-EBC7F6A170BF}.Debug|iPhoneSimulator.Deploy.0 = Debug|Any CPU
		{451D2C4F-9232-44A5-9825-EBC7F6A170BF}.Debug|x64.ActiveCfg = Debug|Any CPU
		{451D2C4F-9232-44A5-9825-EBC7F6A170BF}.Debug|x64.Build.0 = Debug|Any CPU
		{451D2C4F-9232-44A5-9825-EBC7F6A170BF}.Debug|x64.Deploy.0 = Debug|Any CPU
		{451D2C4F-9232-44A5-9825-EBC7F6A170BF}.Debug|x86.ActiveCfg = Debug|Any CPU
		{451D2C4F-9232-44A5-9825-EBC7F6A170BF}.Debug|x86.Build.0 = Debug|Any CPU
		{451D2C4F-9232-44A5-9825-EBC7F6A170BF}.Debug|x86.Deploy.0 = Debug|Any CPU
		{451D2C4F-9232-44A5-9825-EBC7F6A170BF}.Release|Any CPU.ActiveCfg = Release|Any CPU
		{451D2C4F-9232-44A5-9825-EBC7F6A170BF}.Release|Any CPU.Build.0 = Release|Any CPU
		{451D2C4F-9232-44A5-9825-EBC7F6A170BF}.Release|Any CPU.Deploy.0 = Release|Any CPU
		{451D2C4F-9232-44A5-9825-EBC7F6A170BF}.Release|ARM.ActiveCfg = Release|Any CPU
		{451D2C4F-9232-44A5-9825-EBC7F6A170BF}.Release|ARM.Build.0 = Release|Any CPU
		{451D2C4F-9232-44A5-9825-EBC7F6A170BF}.Release|ARM.Deploy.0 = Release|Any CPU
		{451D2C4F-9232-44A5-9825-EBC7F6A170BF}.Release|iPhone.ActiveCfg = Release|Any CPU
		{451D2C4F-9232-44A5-9825-EBC7F6A170BF}.Release|iPhone.Build.0 = Release|Any CPU
		{451D2C4F-9232-44A5-9825-EBC7F6A170BF}.Release|iPhone.Deploy.0 = Release|Any CPU
		{451D2C4F-9232-44A5-9825-EBC7F6A170BF}.Release|iPhoneSimulator.ActiveCfg = Release|Any CPU
		{451D2C4F-9232-44A5-9825-EBC7F6A170BF}.Release|iPhoneSimulator.Build.0 = Release|Any CPU
		{451D2C4F-9232-44A5-9825-EBC7F6A170BF}.Release|iPhoneSimulator.Deploy.0 = Release|Any CPU
		{451D2C4F-9232-44A5-9825-EBC7F6A170BF}.Release|x64.ActiveCfg = Release|Any CPU
		{451D2C4F-9232-44A5-9825-EBC7F6A170BF}.Release|x64.Build.0 = Release|Any CPU
		{451D2C4F-9232-44A5-9825-EBC7F6A170BF}.Release|x64.Deploy.0 = Release|Any CPU
		{451D2C4F-9232-44A5-9825-EBC7F6A170BF}.Release|x86.ActiveCfg = Release|Any CPU
		{451D2C4F-9232-44A5-9825-EBC7F6A170BF}.Release|x86.Build.0 = Release|Any CPU
		{451D2C4F-9232-44A5-9825-EBC7F6A170BF}.Release|x86.Deploy.0 = Release|Any CPU
		{2CD3213A-4449-4FBE-93AF-23FA70C8F468}.Debug|Any CPU.ActiveCfg = Debug|iPhone
		{2CD3213A-4449-4FBE-93AF-23FA70C8F468}.Debug|Any CPU.Build.0 = Debug|iPhone
		{2CD3213A-4449-4FBE-93AF-23FA70C8F468}.Debug|Any CPU.Deploy.0 = Debug|iPhone
		{2CD3213A-4449-4FBE-93AF-23FA70C8F468}.Debug|ARM.ActiveCfg = Debug|iPhone
		{2CD3213A-4449-4FBE-93AF-23FA70C8F468}.Debug|ARM.Build.0 = Debug|iPhone
		{2CD3213A-4449-4FBE-93AF-23FA70C8F468}.Debug|ARM.Deploy.0 = Debug|iPhone
		{2CD3213A-4449-4FBE-93AF-23FA70C8F468}.Debug|iPhone.ActiveCfg = Debug|iPhone
		{2CD3213A-4449-4FBE-93AF-23FA70C8F468}.Debug|iPhone.Build.0 = Debug|iPhone
		{2CD3213A-4449-4FBE-93AF-23FA70C8F468}.Debug|iPhone.Deploy.0 = Debug|iPhone
		{2CD3213A-4449-4FBE-93AF-23FA70C8F468}.Debug|iPhoneSimulator.ActiveCfg = Debug|iPhoneSimulator
		{2CD3213A-4449-4FBE-93AF-23FA70C8F468}.Debug|iPhoneSimulator.Build.0 = Debug|iPhoneSimulator
		{2CD3213A-4449-4FBE-93AF-23FA70C8F468}.Debug|iPhoneSimulator.Deploy.0 = Debug|iPhoneSimulator
		{2CD3213A-4449-4FBE-93AF-23FA70C8F468}.Debug|x64.ActiveCfg = Debug|iPhone
		{2CD3213A-4449-4FBE-93AF-23FA70C8F468}.Debug|x64.Build.0 = Debug|iPhone
		{2CD3213A-4449-4FBE-93AF-23FA70C8F468}.Debug|x64.Deploy.0 = Debug|iPhone
		{2CD3213A-4449-4FBE-93AF-23FA70C8F468}.Debug|x86.ActiveCfg = Debug|iPhone
		{2CD3213A-4449-4FBE-93AF-23FA70C8F468}.Debug|x86.Build.0 = Debug|iPhone
		{2CD3213A-4449-4FBE-93AF-23FA70C8F468}.Debug|x86.Deploy.0 = Debug|iPhone
		{2CD3213A-4449-4FBE-93AF-23FA70C8F468}.Release|Any CPU.ActiveCfg = Release|iPhone
		{2CD3213A-4449-4FBE-93AF-23FA70C8F468}.Release|Any CPU.Build.0 = Release|iPhone
		{2CD3213A-4449-4FBE-93AF-23FA70C8F468}.Release|Any CPU.Deploy.0 = Release|iPhone
		{2CD3213A-4449-4FBE-93AF-23FA70C8F468}.Release|ARM.ActiveCfg = Release|iPhone
		{2CD3213A-4449-4FBE-93AF-23FA70C8F468}.Release|ARM.Build.0 = Release|iPhone
		{2CD3213A-4449-4FBE-93AF-23FA70C8F468}.Release|ARM.Deploy.0 = Release|iPhone
		{2CD3213A-4449-4FBE-93AF-23FA70C8F468}.Release|iPhone.ActiveCfg = Release|iPhone
		{2CD3213A-4449-4FBE-93AF-23FA70C8F468}.Release|iPhone.Build.0 = Release|iPhone
		{2CD3213A-4449-4FBE-93AF-23FA70C8F468}.Release|iPhone.Deploy.0 = Release|iPhone
		{2CD3213A-4449-4FBE-93AF-23FA70C8F468}.Release|iPhoneSimulator.ActiveCfg = Release|iPhoneSimulator
		{2CD3213A-4449-4FBE-93AF-23FA70C8F468}.Release|iPhoneSimulator.Build.0 = Release|iPhoneSimulator
		{2CD3213A-4449-4FBE-93AF-23FA70C8F468}.Release|iPhoneSimulator.Deploy.0 = Release|iPhoneSimulator
		{2CD3213A-4449-4FBE-93AF-23FA70C8F468}.Release|x64.ActiveCfg = Release|iPhone
		{2CD3213A-4449-4FBE-93AF-23FA70C8F468}.Release|x64.Build.0 = Release|iPhone
		{2CD3213A-4449-4FBE-93AF-23FA70C8F468}.Release|x64.Deploy.0 = Release|iPhone
		{2CD3213A-4449-4FBE-93AF-23FA70C8F468}.Release|x86.ActiveCfg = Release|iPhone
		{2CD3213A-4449-4FBE-93AF-23FA70C8F468}.Release|x86.Build.0 = Release|iPhone
		{2CD3213A-4449-4FBE-93AF-23FA70C8F468}.Release|x86.Deploy.0 = Release|iPhone
		{8B61DD91-01AC-46AC-9C82-061A19451C43}.Debug|Any CPU.ActiveCfg = Debug|Any CPU
		{8B61DD91-01AC-46AC-9C82-061A19451C43}.Debug|Any CPU.Build.0 = Debug|Any CPU
		{8B61DD91-01AC-46AC-9C82-061A19451C43}.Debug|Any CPU.Deploy.0 = Debug|Any CPU
		{8B61DD91-01AC-46AC-9C82-061A19451C43}.Debug|ARM.ActiveCfg = Debug|Any CPU
		{8B61DD91-01AC-46AC-9C82-061A19451C43}.Debug|ARM.Build.0 = Debug|Any CPU
		{8B61DD91-01AC-46AC-9C82-061A19451C43}.Debug|ARM.Deploy.0 = Debug|Any CPU
		{8B61DD91-01AC-46AC-9C82-061A19451C43}.Debug|iPhone.ActiveCfg = Debug|Any CPU
		{8B61DD91-01AC-46AC-9C82-061A19451C43}.Debug|iPhone.Build.0 = Debug|Any CPU
		{8B61DD91-01AC-46AC-9C82-061A19451C43}.Debug|iPhone.Deploy.0 = Debug|Any CPU
		{8B61DD91-01AC-46AC-9C82-061A19451C43}.Debug|iPhoneSimulator.ActiveCfg = Debug|Any CPU
		{8B61DD91-01AC-46AC-9C82-061A19451C43}.Debug|iPhoneSimulator.Build.0 = Debug|Any CPU
		{8B61DD91-01AC-46AC-9C82-061A19451C43}.Debug|iPhoneSimulator.Deploy.0 = Debug|Any CPU
		{8B61DD91-01AC-46AC-9C82-061A19451C43}.Debug|x64.ActiveCfg = Debug|Any CPU
		{8B61DD91-01AC-46AC-9C82-061A19451C43}.Debug|x64.Build.0 = Debug|Any CPU
		{8B61DD91-01AC-46AC-9C82-061A19451C43}.Debug|x64.Deploy.0 = Debug|Any CPU
		{8B61DD91-01AC-46AC-9C82-061A19451C43}.Debug|x86.ActiveCfg = Debug|Any CPU
		{8B61DD91-01AC-46AC-9C82-061A19451C43}.Debug|x86.Build.0 = Debug|Any CPU
		{8B61DD91-01AC-46AC-9C82-061A19451C43}.Debug|x86.Deploy.0 = Debug|Any CPU
		{8B61DD91-01AC-46AC-9C82-061A19451C43}.Release|Any CPU.ActiveCfg = Release|Any CPU
		{8B61DD91-01AC-46AC-9C82-061A19451C43}.Release|Any CPU.Build.0 = Release|Any CPU
		{8B61DD91-01AC-46AC-9C82-061A19451C43}.Release|Any CPU.Deploy.0 = Release|Any CPU
		{8B61DD91-01AC-46AC-9C82-061A19451C43}.Release|ARM.ActiveCfg = Release|Any CPU
		{8B61DD91-01AC-46AC-9C82-061A19451C43}.Release|ARM.Build.0 = Release|Any CPU
		{8B61DD91-01AC-46AC-9C82-061A19451C43}.Release|ARM.Deploy.0 = Release|Any CPU
		{8B61DD91-01AC-46AC-9C82-061A19451C43}.Release|iPhone.ActiveCfg = Release|Any CPU
		{8B61DD91-01AC-46AC-9C82-061A19451C43}.Release|iPhone.Build.0 = Release|Any CPU
		{8B61DD91-01AC-46AC-9C82-061A19451C43}.Release|iPhone.Deploy.0 = Release|Any CPU
		{8B61DD91-01AC-46AC-9C82-061A19451C43}.Release|iPhoneSimulator.ActiveCfg = Release|Any CPU
		{8B61DD91-01AC-46AC-9C82-061A19451C43}.Release|iPhoneSimulator.Build.0 = Release|Any CPU
		{8B61DD91-01AC-46AC-9C82-061A19451C43}.Release|iPhoneSimulator.Deploy.0 = Release|Any CPU
		{8B61DD91-01AC-46AC-9C82-061A19451C43}.Release|x64.ActiveCfg = Release|Any CPU
		{8B61DD91-01AC-46AC-9C82-061A19451C43}.Release|x64.Build.0 = Release|Any CPU
		{8B61DD91-01AC-46AC-9C82-061A19451C43}.Release|x64.Deploy.0 = Release|Any CPU
		{8B61DD91-01AC-46AC-9C82-061A19451C43}.Release|x86.ActiveCfg = Release|Any CPU
		{8B61DD91-01AC-46AC-9C82-061A19451C43}.Release|x86.Build.0 = Release|Any CPU
		{8B61DD91-01AC-46AC-9C82-061A19451C43}.Release|x86.Deploy.0 = Release|Any CPU
	EndGlobalSection
	GlobalSection(SolutionProperties) = preSolution
		HideSolutionNode = FALSE
	EndGlobalSection
	GlobalSection(ExtensibilityGlobals) = postSolution
		SolutionGuid = {545646A6-2F52-42D7-AB09-A34D1EA2AC40}
	EndGlobalSection
EndGlobal
